{
  "name": "coding-interview-questions",
  "version": "1.0.0",
  "lockfileVersion": 2,
  "requires": true,
  "packages": {
    "": {
      "name": "coding-interview-questions",
      "version": "1.0.0",
      "license": "ISC",
      "dependencies": {
        "typescript": "^4.5.4",
        "yarn": "^1.22.17"
      }
    },
    "node_modules/typescript": {
      "version": "4.5.4",
      "resolved": "https://registry.npmjs.org/typescript/-/typescript-4.5.4.tgz",
      "integrity": "sha512-VgYs2A2QIRuGphtzFV7aQJduJ2gyfTljngLzjpfW9FoYZF6xuw1W0vW9ghCKLfcWrCFxK81CSGRAvS1pn4fIUg==",
      "bin": {
        "tsc": "bin/tsc",
        "tsserver": "bin/tsserver"
      },
      "engines": {
        "node": ">=4.2.0"
      }
    },
    "node_modules/yarn": {
      "version": "1.22.17",
      "resolved": "https://registry.npmjs.org/yarn/-/yarn-1.22.17.tgz",
      "integrity": "sha512-H0p241BXaH0UN9IeH//RT82tl5PfNraVpSpEoW+ET7lmopNC61eZ+A+IDvU8FM6Go5vx162SncDL8J1ZjRBriQ==",
      "hasInstallScript": true,
      "bin": {
        "yarn": "bin/yarn.js",
        "yarnpkg": "bin/yarn.js"
      },
      "engines": {
        "node": ">=4.0.0"
      }
    }
  },
  "dependencies": {
    "typescript": {
      "version": "4.5.4",
      "resolved": "https://registry.npmjs.org/typescript/-/typescript-4.5.4.tgz",
      "integrity": "sha512-VgYs2A2QIRuGphtzFV7aQJduJ2gyfTljngLzjpfW9FoYZF6xuw1W0vW9ghCKLfcWrCFxK81CSGRAvS1pn4fIUg=="
    },
    "yarn": {
      "version": "1.22.17",
      "resolved": "https://registry.npmjs.org/yarn/-/yarn-1.22.17.tgz",
      "integrity": "sha512-H0p241BXaH0UN9IeH//RT82tl5PfNraVpSpEoW+ET7lmopNC61eZ+A+IDvU8FM6Go5vx162SncDL8J1ZjRBriQ=="
    }
  }
}
